
Microsoft Visual Studio Solution File, Format Version 12.00
# Visual Studio Version 17
VisualStudioVersion = 17.2.32630.192
MinimumVisualStudioVersion = 10.0.40219.1
Project("{9A19103F-16F7-4668-BE54-9A1E7A4F7556}") = "NOTINOhw", "NOTINOhw\NOTINOhw.csproj", "{A6DBACAA-E6E1-4C6F-8C2A-C10B861D7F50}"
EndProject
Project("{9A19103F-16F7-4668-BE54-9A1E7A4F7556}") = "MailSender", "MailSender\MailSender.csproj", "{CC798651-B3A5-434D-9EE3-D23490AD7080}"
EndProject
Project("{9A19103F-16F7-4668-BE54-9A1E7A4F7556}") = "StorageSolution", "StorageSolution\StorageSolution.csproj", "{D47959E4-449D-427D-AACC-C9802F1E3229}"
EndProject
Project("{FAE04EC0-301F-11D3-BF4B-00C04F79EFBC}") = "NOTINOhw.Tests", "NOTINOhw.Tests\NOTINOhw.Tests.csproj", "{3A265669-D149-4106-9B72-90EDD6C21744}"
EndProject
Project("{2150E333-8FDC-42A3-9474-1A3956D46DE8}") = "src", "src", "{43534133-14AC-499A-972B-6944AAE26DC0}"
EndProject
Project("{2150E333-8FDC-42A3-9474-1A3956D46DE8}") = "tests", "tests", "{1B8C2093-722C-4B7A-BB30-000F9AEF93F6}"
EndProject
Project("{FAE04EC0-301F-11D3-BF4B-00C04F79EFBC}") = "StorageSolution.Tests", "StorageSolution.Tests\StorageSolution.Tests.csproj", "{E3F915F2-372B-4188-B4D8-02AE2957E7EE}"
EndProject
Global
	GlobalSection(SolutionConfigurationPlatforms) = preSolution
		Debug|Any CPU = Debug|Any CPU
		Release|Any CPU = Release|Any CPU
	EndGlobalSection
	GlobalSection(ProjectConfigurationPlatforms) = postSolution
		{A6DBACAA-E6E1-4C6F-8C2A-C10B861D7F50}.Debug|Any CPU.ActiveCfg = Debug|Any CPU
		{A6DBACAA-E6E1-4C6F-8C2A-C10B861D7F50}.Debug|Any CPU.Build.0 = Debug|Any CPU
		{A6DBACAA-E6E1-4C6F-8C2A-C10B861D7F50}.Release|Any CPU.ActiveCfg = Release|Any CPU
		{A6DBACAA-E6E1-4C6F-8C2A-C10B861D7F50}.Release|Any CPU.Build.0 = Release|Any CPU
		{CC798651-B3A5-434D-9EE3-D23490AD7080}.Debug|Any CPU.ActiveCfg = Debug|Any CPU
		{CC798651-B3A5-434D-9EE3-D23490AD7080}.Debug|Any CPU.Build.0 = Debug|Any CPU
		{CC798651-B3A5-434D-9EE3-D23490AD7080}.Release|Any CPU.ActiveCfg = Release|Any CPU
		{CC798651-B3A5-434D-9EE3-D23490AD7080}.Release|Any CPU.Build.0 = Release|Any CPU
		{D47959E4-449D-427D-AACC-C9802F1E3229}.Debug|Any CPU.ActiveCfg = Debug|Any CPU
		{D47959E4-449D-427D-AACC-C9802F1E3229}.Debug|Any CPU.Build.0 = Debug|Any CPU
		{D47959E4-449D-427D-AACC-C9802F1E3229}.Release|Any CPU.ActiveCfg = Release|Any CPU
		{D47959E4-449D-427D-AACC-C9802F1E3229}.Release|Any CPU.Build.0 = Release|Any CPU
		{3A265669-D149-4106-9B72-90EDD6C21744}.Debug|Any CPU.ActiveCfg = Debug|Any CPU
		{3A265669-D149-4106-9B72-90EDD6C21744}.Debug|Any CPU.Build.0 = Debug|Any CPU
		{3A265669-D149-4106-9B72-90EDD6C21744}.Release|Any CPU.ActiveCfg = Release|Any CPU
		{3A265669-D149-4106-9B72-90EDD6C21744}.Release|Any CPU.Build.0 = Release|Any CPU
		{E3F915F2-372B-4188-B4D8-02AE2957E7EE}.Debug|Any CPU.ActiveCfg = Debug|Any CPU
		{E3F915F2-372B-4188-B4D8-02AE2957E7EE}.Debug|Any CPU.Build.0 = Debug|Any CPU
		{E3F915F2-372B-4188-B4D8-02AE2957E7EE}.Release|Any CPU.ActiveCfg = Release|Any CPU
		{E3F915F2-372B-4188-B4D8-02AE2957E7EE}.Release|Any CPU.Build.0 = Release|Any CPU
	EndGlobalSection
	GlobalSection(SolutionProperties) = preSolution
		HideSolutionNode = FALSE
	EndGlobalSection
	GlobalSection(NestedProjects) = preSolution
		{A6DBACAA-E6E1-4C6F-8C2A-C10B861D7F50} = {43534133-14AC-499A-972B-6944AAE26DC0}
		{CC798651-B3A5-434D-9EE3-D23490AD7080} = {43534133-14AC-499A-972B-6944AAE26DC0}
		{D47959E4-449D-427D-AACC-C9802F1E3229} = {43534133-14AC-499A-972B-6944AAE26DC0}
		{3A265669-D149-4106-9B72-90EDD6C21744} = {1B8C2093-722C-4B7A-BB30-000F9AEF93F6}
		{E3F915F2-372B-4188-B4D8-02AE2957E7EE} = {1B8C2093-722C-4B7A-BB30-000F9AEF93F6}
	EndGlobalSection
	GlobalSection(ExtensibilityGlobals) = postSolution
		SolutionGuid = {C8B76DD2-5ADC-48BB-9FBA-B8E18AC4FAC9}
	EndGlobalSection
EndGlobal
